
Microsoft Visual Studio Solution File, Format Version 12.00
# Visual Studio 14
VisualStudioVersion = 14.0.25420.1
MinimumVisualStudioVersion = 10.0.40219.1
Project("{FAE04EC0-301F-11D3-BF4B-00C04F79EFBC}") = "WantHave", "WantHave\WantHave.csproj", "{6A3B5F3F-8628-4351-865D-AC6D96307C33}"
EndProject
Project("{2150E333-8FDC-42A3-9474-1A3956D46DE8}") = "Solution Items", "Solution Items", "{E554A9B4-0CA4-4170-9FD2-1F196BFC5ECE}"
EndProject
Project("{FAE04EC0-301F-11D3-BF4B-00C04F79EFBC}") = "WantHaveSite", "WantHaveSite\WantHaveSite.csproj", "{7F492049-E14D-4BFE-A538-1FFA0DBD5348}"
EndProject
Global
	GlobalSection(SolutionConfigurationPlatforms) = preSolution
		Debug|Any CPU = Debug|Any CPU
		Release|Any CPU = Release|Any CPU
	EndGlobalSection
	GlobalSection(ProjectConfigurationPlatforms) = postSolution
		{6A3B5F3F-8628-4351-865D-AC6D96307C33}.Debug|Any CPU.ActiveCfg = Debug|Any CPU
		{6A3B5F3F-8628-4351-865D-AC6D96307C33}.Debug|Any CPU.Build.0 = Debug|Any CPU
		{6A3B5F3F-8628-4351-865D-AC6D96307C33}.Release|Any CPU.ActiveCfg = Release|Any CPU
		{6A3B5F3F-8628-4351-865D-AC6D96307C33}.Release|Any CPU.Build.0 = Release|Any CPU
		{7F492049-E14D-4BFE-A538-1FFA0DBD5348}.Debug|Any CPU.ActiveCfg = Debug|Any CPU
		{7F492049-E14D-4BFE-A538-1FFA0DBD5348}.Debug|Any CPU.Build.0 = Debug|Any CPU
		{7F492049-E14D-4BFE-A538-1FFA0DBD5348}.Release|Any CPU.ActiveCfg = Release|Any CPU
		{7F492049-E14D-4BFE-A538-1FFA0DBD5348}.Release|Any CPU.Build.0 = Release|Any CPU
	EndGlobalSection
	GlobalSection(SolutionProperties) = preSolution
		HideSolutionNode = FALSE
	EndGlobalSection
EndGlobal
